
Microsoft Visual Studio Solution File, Format Version 12.00
# Visual Studio Version 17
VisualStudioVersion = 17.0.31903.59
MinimumVisualStudioVersion = 10.0.40219.1
Project("{FAE04EC0-301F-11D3-BF4B-00C04F79EFBC}") = "MyAccounts", "MyAccounts\MyAccounts.csproj", "{3EF6932C-8366-4A23-856D-8C1011621A29}"
EndProject
Project("{FAE04EC0-301F-11D3-BF4B-00C04F79EFBC}") = "MyAccounts.Shared", "MyAccounts.Shared\MyAccounts.Shared.csproj", "{D28D53E8-5D8E-43D5-BA71-11983BD1411A}"
EndProject
Project("{FAE04EC0-301F-11D3-BF4B-00C04F79EFBC}") = "MyAccounts.Shared.Blazor", "MyAccounts.Shared.Blazor\MyAccounts.Shared.Blazor.csproj", "{ECEA1104-0955-4A6C-8F14-A365E00054E3}"
EndProject
Project("{FAE04EC0-301F-11D3-BF4B-00C04F79EFBC}") = "MyAccounts.Blazor", "MyAccounts.Blazor\MyAccounts.Blazor.csproj", "{46917BBE-9BD7-46CB-A27F-22B1A4DC2AAB}"
EndProject
Project("{FAE04EC0-301F-11D3-BF4B-00C04F79EFBC}") = "MyAccounts.Maui.Blazor", "MyAccounts.Maui.Blazor\MyAccounts.Maui.Blazor.csproj", "{CF8C15AF-0570-4E64-BAC7-63F7DFA84988}"
EndProject
Global
	GlobalSection(SolutionConfigurationPlatforms) = preSolution
		Debug|Any CPU = Debug|Any CPU
		Release|Any CPU = Release|Any CPU
	EndGlobalSection
	GlobalSection(SolutionProperties) = preSolution
		HideSolutionNode = FALSE
	EndGlobalSection
	GlobalSection(ProjectConfigurationPlatforms) = postSolution
		{3EF6932C-8366-4A23-856D-8C1011621A29}.Debug|Any CPU.ActiveCfg = Debug|Any CPU
		{3EF6932C-8366-4A23-856D-8C1011621A29}.Debug|Any CPU.Build.0 = Debug|Any CPU
		{3EF6932C-8366-4A23-856D-8C1011621A29}.Release|Any CPU.ActiveCfg = Release|Any CPU
		{3EF6932C-8366-4A23-856D-8C1011621A29}.Release|Any CPU.Build.0 = Release|Any CPU
		{D28D53E8-5D8E-43D5-BA71-11983BD1411A}.Debug|Any CPU.ActiveCfg = Debug|Any CPU
		{D28D53E8-5D8E-43D5-BA71-11983BD1411A}.Debug|Any CPU.Build.0 = Debug|Any CPU
		{D28D53E8-5D8E-43D5-BA71-11983BD1411A}.Release|Any CPU.ActiveCfg = Release|Any CPU
		{D28D53E8-5D8E-43D5-BA71-11983BD1411A}.Release|Any CPU.Build.0 = Release|Any CPU
		{ECEA1104-0955-4A6C-8F14-A365E00054E3}.Debug|Any CPU.ActiveCfg = Debug|Any CPU
		{ECEA1104-0955-4A6C-8F14-A365E00054E3}.Debug|Any CPU.Build.0 = Debug|Any CPU
		{ECEA1104-0955-4A6C-8F14-A365E00054E3}.Release|Any CPU.ActiveCfg = Release|Any CPU
		{ECEA1104-0955-4A6C-8F14-A365E00054E3}.Release|Any CPU.Build.0 = Release|Any CPU
		{46917BBE-9BD7-46CB-A27F-22B1A4DC2AAB}.Debug|Any CPU.ActiveCfg = Debug|Any CPU
		{46917BBE-9BD7-46CB-A27F-22B1A4DC2AAB}.Debug|Any CPU.Build.0 = Debug|Any CPU
		{46917BBE-9BD7-46CB-A27F-22B1A4DC2AAB}.Release|Any CPU.ActiveCfg = Release|Any CPU
		{46917BBE-9BD7-46CB-A27F-22B1A4DC2AAB}.Release|Any CPU.Build.0 = Release|Any CPU
		{CF8C15AF-0570-4E64-BAC7-63F7DFA84988}.Debug|Any CPU.ActiveCfg = Debug|Any CPU
		{CF8C15AF-0570-4E64-BAC7-63F7DFA84988}.Debug|Any CPU.Build.0 = Debug|Any CPU
		{CF8C15AF-0570-4E64-BAC7-63F7DFA84988}.Debug|Any CPU.Deploy.0 = Debug|Any CPU
		{CF8C15AF-0570-4E64-BAC7-63F7DFA84988}.Release|Any CPU.ActiveCfg = Release|Any CPU
		{CF8C15AF-0570-4E64-BAC7-63F7DFA84988}.Release|Any CPU.Build.0 = Release|Any CPU
		{CF8C15AF-0570-4E64-BAC7-63F7DFA84988}.Release|Any CPU.Deploy.0 = Release|Any CPU
	EndGlobalSection
EndGlobal
