
Microsoft Visual Studio Solution File, Format Version 12.00
# Visual Studio Version 17
VisualStudioVersion = 17.0.31903.59
MinimumVisualStudioVersion = 10.0.40219.1
Project("{FAE04EC0-301F-11D3-BF4B-00C04F79EFBC}") = "MyAccounts", "MyAccounts\MyAccounts.csproj", "{82FF46CB-C075-47DB-A7E2-343119C0B50C}"
EndProject
Project("{FAE04EC0-301F-11D3-BF4B-00C04F79EFBC}") = "MyAccounts.Shared", "MyAccounts.Shared\MyAccounts.Shared.csproj", "{041356CC-CC86-45AA-AE28-8FD37241C637}"
EndProject
Project("{FAE04EC0-301F-11D3-BF4B-00C04F79EFBC}") = "MyAccounts.Shared.Blazor", "MyAccounts.Shared.Blazor\MyAccounts.Shared.Blazor.csproj", "{E0A09882-2B72-43E2-9EAB-009452E97990}"
EndProject
Project("{FAE04EC0-301F-11D3-BF4B-00C04F79EFBC}") = "MyAccounts.Blazor", "MyAccounts.Blazor\MyAccounts.Blazor.csproj", "{57B4867A-71C4-40A0-B81D-34D0DB4DCB54}"
EndProject
Project("{FAE04EC0-301F-11D3-BF4B-00C04F79EFBC}") = "MyAccounts.Maui.Blazor", "MyAccounts.Maui.Blazor\MyAccounts.Maui.Blazor.csproj", "{F9F603FB-3EFF-4AE4-B4D6-A5A223622E61}"
EndProject
Global
	GlobalSection(SolutionConfigurationPlatforms) = preSolution
		Debug|Any CPU = Debug|Any CPU
		Release|Any CPU = Release|Any CPU
	EndGlobalSection
	GlobalSection(SolutionProperties) = preSolution
		HideSolutionNode = FALSE
	EndGlobalSection
	GlobalSection(ProjectConfigurationPlatforms) = postSolution
		{82FF46CB-C075-47DB-A7E2-343119C0B50C}.Debug|Any CPU.ActiveCfg = Debug|Any CPU
		{82FF46CB-C075-47DB-A7E2-343119C0B50C}.Debug|Any CPU.Build.0 = Debug|Any CPU
		{82FF46CB-C075-47DB-A7E2-343119C0B50C}.Release|Any CPU.ActiveCfg = Release|Any CPU
		{82FF46CB-C075-47DB-A7E2-343119C0B50C}.Release|Any CPU.Build.0 = Release|Any CPU
		{041356CC-CC86-45AA-AE28-8FD37241C637}.Debug|Any CPU.ActiveCfg = Debug|Any CPU
		{041356CC-CC86-45AA-AE28-8FD37241C637}.Debug|Any CPU.Build.0 = Debug|Any CPU
		{041356CC-CC86-45AA-AE28-8FD37241C637}.Release|Any CPU.ActiveCfg = Release|Any CPU
		{041356CC-CC86-45AA-AE28-8FD37241C637}.Release|Any CPU.Build.0 = Release|Any CPU
		{E0A09882-2B72-43E2-9EAB-009452E97990}.Debug|Any CPU.ActiveCfg = Debug|Any CPU
		{E0A09882-2B72-43E2-9EAB-009452E97990}.Debug|Any CPU.Build.0 = Debug|Any CPU
		{E0A09882-2B72-43E2-9EAB-009452E97990}.Release|Any CPU.ActiveCfg = Release|Any CPU
		{E0A09882-2B72-43E2-9EAB-009452E97990}.Release|Any CPU.Build.0 = Release|Any CPU
		{57B4867A-71C4-40A0-B81D-34D0DB4DCB54}.Debug|Any CPU.ActiveCfg = Debug|Any CPU
		{57B4867A-71C4-40A0-B81D-34D0DB4DCB54}.Debug|Any CPU.Build.0 = Debug|Any CPU
		{57B4867A-71C4-40A0-B81D-34D0DB4DCB54}.Release|Any CPU.ActiveCfg = Release|Any CPU
		{57B4867A-71C4-40A0-B81D-34D0DB4DCB54}.Release|Any CPU.Build.0 = Release|Any CPU
		{F9F603FB-3EFF-4AE4-B4D6-A5A223622E61}.Debug|Any CPU.ActiveCfg = Debug|Any CPU
		{F9F603FB-3EFF-4AE4-B4D6-A5A223622E61}.Debug|Any CPU.Build.0 = Debug|Any CPU
		{F9F603FB-3EFF-4AE4-B4D6-A5A223622E61}.Debug|Any CPU.Deploy.0 = Debug|Any CPU
		{F9F603FB-3EFF-4AE4-B4D6-A5A223622E61}.Release|Any CPU.ActiveCfg = Release|Any CPU
		{F9F603FB-3EFF-4AE4-B4D6-A5A223622E61}.Release|Any CPU.Build.0 = Release|Any CPU
		{F9F603FB-3EFF-4AE4-B4D6-A5A223622E61}.Release|Any CPU.Deploy.0 = Release|Any CPU
	EndGlobalSection
EndGlobal
